<?xml version="1.0" encoding="utf-8"?>
<Project ToolsVersion="4.0" xmlns="http://schemas.microsoft.com/developer/msbuild/2003">
  <ItemGroup>
    <Filter Include="Source Files">
      <UniqueIdentifier>{4FC737F1-C7A5-4376-A066-2A32D752A2FF}</UniqueIdentifier>
      <Extensions>cpp;c;cc;cxx;c++;cppm;ixx;def;odl;idl;hpj;bat;asm;asmx</Extensions>
    </Filter>
    <Filter Include="Header Files">
      <UniqueIdentifier>{93995380-89BD-4b04-88EB-625FBE52EBFB}</UniqueIdentifier>
      <Extensions>h;hh;hpp;hxx;h++;hm;inl;inc;ipp;xsd</Extensions>
    </Filter>
    <Filter Include="Resource Files">
      <UniqueIdentifier>{67DA6AB6-F800-4c08-8B7A-83BB121AAD01}</UniqueIdentifier>
      <Extensions>rc;ico;cur;bmp;dlg;rc2;rct;bin;rgs;gif;jpg;jpeg;jpe;resx;tiff;tif;png;wav;mfcribbon-ms</Extensions>
    </Filter>
    <Filter Include="src">
      <UniqueIdentifier>{e75c7ffe-336d-4e3f-b1b4-626c4188247a}</UniqueIdentifier>
    </Filter>
    <Filter Include="src\gotobed">
      <UniqueIdentifier>{2d5d98c3-3a8d-4d5f-91ad-8d668b97f22c}</UniqueIdentifier>
    </Filter>
    <Filter Include="src\jc">
      <UniqueIdentifier>{585ee2c7-1411-41f8-9ad7-72c30717f60e}</UniqueIdentifier>
    </Filter>
  </ItemGroup>
  <ItemGroup>
    <ClCompile Include="src\main.cpp">
      <Filter>src</Filter>
    </ClCompile>
    <ClCompile Include="src\pch.cpp">
      <Filter>src</Filter>
    </ClCompile>
    <ClCompile Include="src\jc\JArray.cpp">
      <Filter>src\jc</Filter>
    </ClCompile>
    <ClCompile Include="src\jc\jcinit.cpp">
      <Filter>src\jc</Filter>
    </ClCompile>
    <ClCompile Include="src\jc\JDB.cpp">
      <Filter>src\jc</Filter>
    </ClCompile>
    <ClCompile Include="src\jc\JFormDB.cpp">
      <Filter>src\jc</Filter>
    </ClCompile>
    <ClCompile Include="src\jc\JMap.cpp">
      <Filter>src\jc</Filter>
    </ClCompile>
    <ClCompile Include="src\jc\JValue.cpp">
      <Filter>src\jc</Filter>
    </ClCompile>
    <ClCompile Include="src\gotobed\Actor.cpp">
      <Filter>src\gotobed</Filter>
    </ClCompile>
    <ClCompile Include="src\gotobed\AIProcess.cpp">
      <Filter>src\gotobed</Filter>
    </ClCompile>
    <ClCompile Include="src\gotobed\EquipList.cpp">
      <Filter>src\gotobed</Filter>
    </ClCompile>
    <ClCompile Include="src\gotobed\EquipMask.cpp">
      <Filter>src\gotobed</Filter>
    </ClCompile>
    <ClCompile Include="src\gotobed\gotobedinit.cpp">
      <Filter>src\gotobed</Filter>
    </ClCompile>
    <ClCompile Include="src\gotobed\MenuOpenHandler.cpp">
      <Filter>src\gotobed</Filter>
    </ClCompile>
    <ClCompile Include="src\gotobed\Outfit.cpp">
      <Filter>src\gotobed</Filter>
    </ClCompile>
    <ClCompile Include="src\gotobed\SleepwearManager.cpp">
      <Filter>src\gotobed</Filter>
    </ClCompile>
    <ClCompile Include="src\gotobed\UIUtil.cpp">
      <Filter>src\gotobed</Filter>
    </ClCompile>
    <ClCompile Include="src\jc\jcapi.cpp">
      <Filter>src\jc</Filter>
    </ClCompile>
    <ClCompile Include="src\jc\jcapistorage.cpp">
      <Filter>src\jc</Filter>
    </ClCompile>
    <ClCompile Include="src\jc\jcdomain.cpp">
      <Filter>src\jc</Filter>
    </ClCompile>
    <ClCompile Include="src\gotobed\Fixes.cpp">
      <Filter>src\gotobed</Filter>
    </ClCompile>
  </ItemGroup>
  <ItemGroup>
    <ClInclude Include="src\pch.h">
      <Filter>src</Filter>
    </ClInclude>
    <ClInclude Include="src\version.h">
      <Filter>src</Filter>
    </ClInclude>
    <ClInclude Include="src\jc\JArray.h">
      <Filter>src\jc</Filter>
    </ClInclude>
    <ClInclude Include="src\jc\jc.h">
      <Filter>src\jc</Filter>
    </ClInclude>
    <ClInclude Include="src\jc\jcinit.h">
      <Filter>src\jc</Filter>
    </ClInclude>
    <ClInclude Include="src\jc\JDB.h">
      <Filter>src\jc</Filter>
    </ClInclude>
    <ClInclude Include="src\jc\JFormDB.h">
      <Filter>src\jc</Filter>
    </ClInclude>
    <ClInclude Include="src\jc\JMap.h">
      <Filter>src\jc</Filter>
    </ClInclude>
    <ClInclude Include="src\jc\JValue.h">
      <Filter>src\jc</Filter>
    </ClInclude>
    <ClInclude Include="src\gotobed\Actor.h">
      <Filter>src\gotobed</Filter>
    </ClInclude>
    <ClInclude Include="src\gotobed\AIProcess.h">
      <Filter>src\gotobed</Filter>
    </ClInclude>
    <ClInclude Include="src\gotobed\EquipList.h">
      <Filter>src\gotobed</Filter>
    </ClInclude>
    <ClInclude Include="src\gotobed\EquipMask.h">
      <Filter>src\gotobed</Filter>
    </ClInclude>
    <ClInclude Include="src\gotobed\gotobedinit.h">
      <Filter>src\gotobed</Filter>
    </ClInclude>
    <ClInclude Include="src\gotobed\MenuOpenHandler.h">
      <Filter>src\gotobed</Filter>
    </ClInclude>
    <ClInclude Include="src\gotobed\Offsets.h">
      <Filter>src\gotobed</Filter>
    </ClInclude>
    <ClInclude Include="src\gotobed\Outfit.h">
      <Filter>src\gotobed</Filter>
    </ClInclude>
    <ClInclude Include="src\gotobed\SleepwearManager.h">
      <Filter>src\gotobed</Filter>
    </ClInclude>
    <ClInclude Include="src\gotobed\UIUtil.h">
      <Filter>src\gotobed</Filter>
    </ClInclude>
    <ClInclude Include="src\jc\jcapi.h">
      <Filter>src\jc</Filter>
    </ClInclude>
    <ClInclude Include="src\jc\jcapistorage.h">
      <Filter>src\jc</Filter>
    </ClInclude>
    <ClInclude Include="src\jc\jcdomain.h">
      <Filter>src\jc</Filter>
    </ClInclude>
    <ClInclude Include="src\gotobed\Fixes.h">
      <Filter>src\gotobed</Filter>
    </ClInclude>
  </ItemGroup>
  <ItemGroup>
    <ResourceCompile Include="src\version.rc">
      <Filter>src</Filter>
    </ResourceCompile>
  </ItemGroup>
</Project>